
Microsoft Visual Studio Solution File, Format Version 12.00
# Visual Studio 15
VisualStudioVersion = 15.0.27428.2037
MinimumVisualStudioVersion = 10.0.40219.1
Project("{FAE04EC0-301F-11D3-BF4B-00C04F79EFBC}") = "TestWebService_Core.Test", "TestWebService_Core.Test\TestWebService_Core.Test.csproj", "{A044EDA9-86AB-44BD-AD7F-3982221F8240}"
EndProject
Global
	GlobalSection(SolutionConfigurationPlatforms) = preSolution
		Debug|Any CPU = Debug|Any CPU
		Release|Any CPU = Release|Any CPU
	EndGlobalSection
	GlobalSection(ProjectConfigurationPlatforms) = postSolution
		{A044EDA9-86AB-44BD-AD7F-3982221F8240}.Debug|Any CPU.ActiveCfg = Debug|Any CPU
		{A044EDA9-86AB-44BD-AD7F-3982221F8240}.Debug|Any CPU.Build.0 = Debug|Any CPU
		{A044EDA9-86AB-44BD-AD7F-3982221F8240}.Release|Any CPU.ActiveCfg = Release|Any CPU
		{A044EDA9-86AB-44BD-AD7F-3982221F8240}.Release|Any CPU.Build.0 = Release|Any CPU
	EndGlobalSection
	GlobalSection(SolutionProperties) = preSolution
		HideSolutionNode = FALSE
	EndGlobalSection
	GlobalSection(ExtensibilityGlobals) = postSolution
		SolutionGuid = {C4E1E1CD-E1DB-4DB9-B13B-DA8C8ABB9693}
	EndGlobalSection
EndGlobal
